
Microsoft Visual Studio Solution File, Format Version 12.00
# Visual Studio Version 17
VisualStudioVersion = 17.0.31903.59
MinimumVisualStudioVersion = 10.0.40219.1
Project("{2150E333-8FDC-42A3-9474-1A3956D46DE8}") = "Core", "Core", "{C7E02D47-C174-49F5-B8FE-1508432B67E5}"
EndProject
Project("{FAE04EC0-301F-11D3-BF4B-00C04F79EFBC}") = "AnimalHealth.Domain", "AnimalHealth.Domain\AnimalHealth.Domain.csproj", "{6CC66929-523A-4F25-8780-257C290B16A8}"
EndProject
Project("{FAE04EC0-301F-11D3-BF4B-00C04F79EFBC}") = "AnimalHealth.Application", "AnimalHealth.Application\AnimalHealth.Application.csproj", "{96C9F5F5-8701-49B2-A6CA-D41A53E09A06}"
EndProject
Project("{2150E333-8FDC-42A3-9474-1A3956D46DE8}") = "Infrastracture", "Infrastracture", "{FCE66F06-2B60-452B-A612-F1ACEAC99C58}"
EndProject
Project("{FAE04EC0-301F-11D3-BF4B-00C04F79EFBC}") = "AnimalHealth.Persistence", "AnimalHealth.Persistence\AnimalHealth.Persistence.csproj", "{86F1980B-D77F-449E-85E1-52C4FF992D08}"
EndProject
Project("{2150E333-8FDC-42A3-9474-1A3956D46DE8}") = "Presentation", "Presentation", "{B636EC2A-8885-4B17-91E9-1D5C98A7FB78}"
EndProject
Project("{FAE04EC0-301F-11D3-BF4B-00C04F79EFBC}") = "AnimalHealth.API", "AnimalHealth.API\AnimalHealth.API.csproj", "{AA8A4599-00E4-4A02-BA92-D9047119A2AD}"
EndProject
Global
	GlobalSection(SolutionConfigurationPlatforms) = preSolution
		Debug|Any CPU = Debug|Any CPU
		Release|Any CPU = Release|Any CPU
	EndGlobalSection
	GlobalSection(SolutionProperties) = preSolution
		HideSolutionNode = FALSE
	EndGlobalSection
	GlobalSection(ProjectConfigurationPlatforms) = postSolution
		{6CC66929-523A-4F25-8780-257C290B16A8}.Debug|Any CPU.ActiveCfg = Debug|Any CPU
		{6CC66929-523A-4F25-8780-257C290B16A8}.Debug|Any CPU.Build.0 = Debug|Any CPU
		{6CC66929-523A-4F25-8780-257C290B16A8}.Release|Any CPU.ActiveCfg = Release|Any CPU
		{6CC66929-523A-4F25-8780-257C290B16A8}.Release|Any CPU.Build.0 = Release|Any CPU
		{96C9F5F5-8701-49B2-A6CA-D41A53E09A06}.Debug|Any CPU.ActiveCfg = Debug|Any CPU
		{96C9F5F5-8701-49B2-A6CA-D41A53E09A06}.Debug|Any CPU.Build.0 = Debug|Any CPU
		{96C9F5F5-8701-49B2-A6CA-D41A53E09A06}.Release|Any CPU.ActiveCfg = Release|Any CPU
		{96C9F5F5-8701-49B2-A6CA-D41A53E09A06}.Release|Any CPU.Build.0 = Release|Any CPU
		{86F1980B-D77F-449E-85E1-52C4FF992D08}.Debug|Any CPU.ActiveCfg = Debug|Any CPU
		{86F1980B-D77F-449E-85E1-52C4FF992D08}.Debug|Any CPU.Build.0 = Debug|Any CPU
		{86F1980B-D77F-449E-85E1-52C4FF992D08}.Release|Any CPU.ActiveCfg = Release|Any CPU
		{86F1980B-D77F-449E-85E1-52C4FF992D08}.Release|Any CPU.Build.0 = Release|Any CPU
		{AA8A4599-00E4-4A02-BA92-D9047119A2AD}.Debug|Any CPU.ActiveCfg = Debug|Any CPU
		{AA8A4599-00E4-4A02-BA92-D9047119A2AD}.Debug|Any CPU.Build.0 = Debug|Any CPU
		{AA8A4599-00E4-4A02-BA92-D9047119A2AD}.Release|Any CPU.ActiveCfg = Release|Any CPU
		{AA8A4599-00E4-4A02-BA92-D9047119A2AD}.Release|Any CPU.Build.0 = Release|Any CPU
	EndGlobalSection
	GlobalSection(NestedProjects) = preSolution
		{6CC66929-523A-4F25-8780-257C290B16A8} = {C7E02D47-C174-49F5-B8FE-1508432B67E5}
		{96C9F5F5-8701-49B2-A6CA-D41A53E09A06} = {C7E02D47-C174-49F5-B8FE-1508432B67E5}
		{86F1980B-D77F-449E-85E1-52C4FF992D08} = {FCE66F06-2B60-452B-A612-F1ACEAC99C58}
		{AA8A4599-00E4-4A02-BA92-D9047119A2AD} = {B636EC2A-8885-4B17-91E9-1D5C98A7FB78}
	EndGlobalSection
EndGlobal
